
Microsoft Visual Studio Solution File, Format Version 12.00
# Visual Studio Version 17
VisualStudioVersion = 17.2.32526.322
MinimumVisualStudioVersion = 10.0.40219.1
Project("{FAE04EC0-301F-11D3-BF4B-00C04F79EFBC}") = "Morix.Firewall", "Morix.Firewall\Morix.Firewall.csproj", "{2BF81B6B-62F8-4D22-89E3-797BB735FE10}"
EndProject
Project("{FAE04EC0-301F-11D3-BF4B-00C04F79EFBC}") = "Morix.Firewall.Tests", "Morix.Firewall.Tests\Morix.Firewall.Tests.csproj", "{F17C2166-B42F-459D-AE8B-22ED60D3962A}"
EndProject
Global
	GlobalSection(SolutionConfigurationPlatforms) = preSolution
		Debug|Any CPU = Debug|Any CPU
		Release|Any CPU = Release|Any CPU
	EndGlobalSection
	GlobalSection(ProjectConfigurationPlatforms) = postSolution
		{2BF81B6B-62F8-4D22-89E3-797BB735FE10}.Debug|Any CPU.ActiveCfg = Debug|Any CPU
		{2BF81B6B-62F8-4D22-89E3-797BB735FE10}.Debug|Any CPU.Build.0 = Debug|Any CPU
		{2BF81B6B-62F8-4D22-89E3-797BB735FE10}.Release|Any CPU.ActiveCfg = Release|Any CPU
		{2BF81B6B-62F8-4D22-89E3-797BB735FE10}.Release|Any CPU.Build.0 = Release|Any CPU
		{F17C2166-B42F-459D-AE8B-22ED60D3962A}.Debug|Any CPU.ActiveCfg = Debug|Any CPU
		{F17C2166-B42F-459D-AE8B-22ED60D3962A}.Debug|Any CPU.Build.0 = Debug|Any CPU
		{F17C2166-B42F-459D-AE8B-22ED60D3962A}.Release|Any CPU.ActiveCfg = Release|Any CPU
		{F17C2166-B42F-459D-AE8B-22ED60D3962A}.Release|Any CPU.Build.0 = Release|Any CPU
	EndGlobalSection
	GlobalSection(SolutionProperties) = preSolution
		HideSolutionNode = FALSE
	EndGlobalSection
	GlobalSection(ExtensibilityGlobals) = postSolution
		SolutionGuid = {47C86F89-11F1-4F56-8425-82654E3E12DA}
	EndGlobalSection
EndGlobal
